PODS:
  - LYZMediaBrowser (1.0.1):
    - LYZYYImage
    - SDWebImage (>= 5.0.0)
  - LYZYYImage (1.0.0)
  - SDWebImage (5.11.1):
    - SDWebImage/Core (= 5.11.1)
  - SDWebImage/Core (5.11.1)

DEPENDENCIES:
  - LYZMediaBrowser (from `../`)

SPEC REPOS:
  trunk:
    - LYZYYImage
    - SDWebImage

EXTERNAL SOURCES:
  LYZMediaBrowser:
    :path: "../"

SPEC CHECKSUMS:
  LYZMediaBrowser: 56e5ca1eb7ce0d1d78c3da3eb1b47aef9257fc56
  LYZYYImage: 1d73e1aeeaf6c863fcade516c01fb9bf695af2e1
  SDWebImage: a7f831e1a65eb5e285e3fb046a23fcfbf08e696d

PODFILE CHECKSUM: ab6e55fdf8025dd4f8e829df4de1bcc5721941fe

COCOAPODS: 1.11.0.rc.1
