// !$*UTF8*$!
{
	archiveVersion = 1;
	classes = {
	};
	objectVersion = 46;
	objects = {

/* Begin PBXBuildFile section */
		0E6B91BF0A300FEA6DB3A367 /* Pods_LYZMediaBrowser_Example.framework in Frameworks */ = {isa = PBXBuildFile; fileRef = 11DAE934C64E7C9A6351FD76 /* Pods_LYZMediaBrowser_Example.framework */; };
		6003F58E195388D20070C39A /* Foundation.framework in Frameworks */ = {isa = PBXBuildFile; fileRef = 6003F58D195388D20070C39A /* Foundation.framework */; };
		6003F590195388D20070C39A /* CoreGraphics.framework in Frameworks */ = {isa = PBXBuildFile; fileRef = 6003F58F195388D20070C39A /* CoreGraphics.framework */; };
		6003F592195388D20070C39A /* UIKit.framework in Frameworks */ = {isa = PBXBuildFile; fileRef = 6003F591195388D20070C39A /* UIKit.framework */; };
		6003F598195388D20070C39A /* InfoPlist.strings in Resources */ = {isa = PBXBuildFile; fileRef = 6003F596195388D20070C39A /* InfoPlist.strings */; };
		6003F59A195388D20070C39A /* main.m in Sources */ = {isa = PBXBuildFile; fileRef = 6003F599195388D20070C39A /* main.m */; };
		6003F59E195388D20070C39A /* LYZAppDelegate.m in Sources */ = {isa = PBXBuildFile; fileRef = 6003F59D195388D20070C39A /* LYZAppDelegate.m */; };
		6003F5A7195388D20070C39A /* LYZViewController.m in Sources */ = {isa = PBXBuildFile; fileRef = 6003F5A6195388D20070C39A /* LYZViewController.m */; };
		6003F5A9195388D20070C39A /* Images.xcassets in Resources */ = {isa = PBXBuildFile; fileRef = 6003F5A8195388D20070C39A /* Images.xcassets */; };
		6003F5B0195388D20070C39A /* XCTest.framework in Frameworks */ = {isa = PBXBuildFile; fileRef = 6003F5AF195388D20070C39A /* XCTest.framework */; };
		6003F5B1195388D20070C39A /* Foundation.framework in Frameworks */ = {isa = PBXBuildFile; fileRef = 6003F58D195388D20070C39A /* Foundation.framework */; };
		6003F5B2195388D20070C39A /* UIKit.framework in Frameworks */ = {isa = PBXBuildFile; fileRef = 6003F591195388D20070C39A /* UIKit.framework */; };
		6003F5BA195388D20070C39A /* InfoPlist.strings in Resources */ = {isa = PBXBuildFile; fileRef = 6003F5B8195388D20070C39A /* InfoPlist.strings */; };
		6003F5BC195388D20070C39A /* Tests.m in Sources */ = {isa = PBXBuildFile; fileRef = 6003F5BB195388D20070C39A /* Tests.m */; };
		71719F9F1E33DC2100824A3D /* LaunchScreen.storyboard in Resources */ = {isa = PBXBuildFile; fileRef = 71719F9D1E33DC2100824A3D /* LaunchScreen.storyboard */; };
		7E9A6E4759A94296F1564F1B /* Pods_LYZMediaBrowser_Tests.framework in Frameworks */ = {isa = PBXBuildFile; fileRef = BF1B4346845B3E0F17DB4486 /* Pods_LYZMediaBrowser_Tests.framework */; };
		873B8AEB1B1F5CCA007FD442 /* Main.storyboard in Resources */ = {isa = PBXBuildFile; fileRef = 873B8AEA1B1F5CCA007FD442 /* Main.storyboard */; };
		B14782DA26E9DD3100145519 /* TestDController.m in Sources */ = {isa = PBXBuildFile; fileRef = B14782B226E9DD3100145519 /* TestDController.m */; };
		B14782DB26E9DD3100145519 /* localBigImage0.jpeg in Resources */ = {isa = PBXBuildFile; fileRef = B14782B426E9DD3100145519 /* localBigImage0.jpeg */; };
		B14782DC26E9DD3100145519 /* localVideo0.mp4 in Resources */ = {isa = PBXBuildFile; fileRef = B14782B526E9DD3100145519 /* localVideo0.mp4 */; };
		B14782DD26E9DD3100145519 /* localImage1.gif in Resources */ = {isa = PBXBuildFile; fileRef = B14782B626E9DD3100145519 /* localImage1.gif */; };
		B14782DE26E9DD3100145519 /* BaseFileManager.m in Sources */ = {isa = PBXBuildFile; fileRef = B14782B726E9DD3100145519 /* BaseFileManager.m */; };
		B14782DF26E9DD3100145519 /* localImage0.jpg in Resources */ = {isa = PBXBuildFile; fileRef = B14782B826E9DD3100145519 /* localImage0.jpg */; };
		B14782E026E9DD3100145519 /* ImageURLs.plist in Resources */ = {isa = PBXBuildFile; fileRef = B14782B926E9DD3100145519 /* ImageURLs.plist */; };
		B14782E126E9DD3100145519 /* localLongImage0.jpeg in Resources */ = {isa = PBXBuildFile; fileRef = B14782BB26E9DD3100145519 /* localLongImage0.jpeg */; };
		B14782E226E9DD3100145519 /* TestEController.m in Sources */ = {isa = PBXBuildFile; fileRef = B14782BD26E9DD3100145519 /* TestEController.m */; };
		B14782E326E9DD3100145519 /* TestImageBrowser.m in Sources */ = {isa = PBXBuildFile; fileRef = B14782BE26E9DD3100145519 /* TestImageBrowser.m */; };
		B14782E426E9DD3100145519 /* TestAController.m in Sources */ = {isa = PBXBuildFile; fileRef = B14782C326E9DD3100145519 /* TestAController.m */; };
		B14782E526E9DD3100145519 /* TestCController.m in Sources */ = {isa = PBXBuildFile; fileRef = B14782C726E9DD3100145519 /* TestCController.m */; };
		B14782E626E9DD3100145519 /* TestCustomData.m in Sources */ = {isa = PBXBuildFile; fileRef = B14782C826E9DD3100145519 /* TestCustomData.m */; };
		B14782E726E9DD3100145519 /* TestCustomCell.xib in Resources */ = {isa = PBXBuildFile; fileRef = B14782C926E9DD3100145519 /* TestCustomCell.xib */; };
		B14782E826E9DD3100145519 /* TestCustomCell.m in Sources */ = {isa = PBXBuildFile; fileRef = B14782CA26E9DD3100145519 /* TestCustomCell.m */; };
		B14782E926E9DD3100145519 /* TestFController.m in Sources */ = {isa = PBXBuildFile; fileRef = B14782CD26E9DD3100145519 /* TestFController.m */; };
		B14782EA26E9DD3100145519 /* TestToolViewHandler.m in Sources */ = {isa = PBXBuildFile; fileRef = B14782D226E9DD3100145519 /* TestToolViewHandler.m */; };
		B14782EB26E9DD3100145519 /* TestBController.m in Sources */ = {isa = PBXBuildFile; fileRef = B14782D326E9DD3100145519 /* TestBController.m */; };
		B14782EC26E9DD3100145519 /* BaseListController.m in Sources */ = {isa = PBXBuildFile; fileRef = B14782D526E9DD3100145519 /* BaseListController.m */; };
		B14782ED26E9DD3100145519 /* BaseListCell.xib in Resources */ = {isa = PBXBuildFile; fileRef = B14782D726E9DD3100145519 /* BaseListCell.xib */; };
		B14782EE26E9DD3100145519 /* BaseListCell.m in Sources */ = {isa = PBXBuildFile; fileRef = B14782D826E9DD3100145519 /* BaseListCell.m */; };
		B14782F326E9DD3A00145519 /* MainController.m in Sources */ = {isa = PBXBuildFile; fileRef = B14782EF26E9DD3A00145519 /* MainController.m */; };
		B14782F426E9DD3A00145519 /* MainNavigationController.m in Sources */ = {isa = PBXBuildFile; fileRef = B14782F226E9DD3A00145519 /* MainNavigationController.m */; };
/* End PBXBuildFile section */

/* Begin PBXContainerItemProxy section */
		6003F5B3195388D20070C39A /* PBXContainerItemProxy */ = {
			isa = PBXContainerItemProxy;
			containerPortal = 6003F582195388D10070C39A /* Project object */;
			proxyType = 1;
			remoteGlobalIDString = 6003F589195388D20070C39A;
			remoteInfo = LYZMediaBrowser;
		};
/* End PBXContainerItemProxy section */

/* Begin PBXFileReference section */
		055B1E2E14CCE0F1A486EFC3 /* Pods-LYZMediaBrowser_Tests.release.xcconfig */ = {isa = PBXFileReference; includeInIndex = 1; lastKnownFileType = text.xcconfig; name = "Pods-LYZMediaBrowser_Tests.release.xcconfig"; path = "Target Support Files/Pods-LYZMediaBrowser_Tests/Pods-LYZMediaBrowser_Tests.release.xcconfig"; sourceTree = "<group>"; };
		11DAE934C64E7C9A6351FD76 /* Pods_LYZMediaBrowser_Example.framework */ = {isa = PBXFileReference; explicitFileType = wrapper.framework; includeInIndex = 0; path = Pods_LYZMediaBrowser_Example.framework; sourceTree = BUILT_PRODUCTS_DIR; };
		6003F58A195388D20070C39A /* LYZMediaBrowser_Example.app */ = {isa = PBXFileReference; explicitFileType = wrapper.application; includeInIndex = 0; path = LYZMediaBrowser_Example.app; sourceTree = BUILT_PRODUCTS_DIR; };
		6003F58D195388D20070C39A /* Foundation.framework */ = {isa = PBXFileReference; lastKnownFileType = wrapper.framework; name = Foundation.framework; path = System/Library/Frameworks/Foundation.framework; sourceTree = SDKROOT; };
		6003F58F195388D20070C39A /* CoreGraphics.framework */ = {isa = PBXFileReference; lastKnownFileType = wrapper.framework; name = CoreGraphics.framework; path = System/Library/Frameworks/CoreGraphics.framework; sourceTree = SDKROOT; };
		6003F591195388D20070C39A /* UIKit.framework */ = {isa = PBXFileReference; lastKnownFileType = wrapper.framework; name = UIKit.framework; path = System/Library/Frameworks/UIKit.framework; sourceTree = SDKROOT; };
		6003F595195388D20070C39A /* LYZMediaBrowser-Info.plist */ = {isa = PBXFileReference; lastKnownFileType = text.plist.xml; path = "LYZMediaBrowser-Info.plist"; sourceTree = "<group>"; };
		6003F597195388D20070C39A /* en */ = {isa = PBXFileReference; lastKnownFileType = text.plist.strings; name = en; path = en.lproj/InfoPlist.strings; sourceTree = "<group>"; };
		6003F599195388D20070C39A /* main.m */ = {isa = PBXFileReference; lastKnownFileType = sourcecode.c.objc; path = main.m; sourceTree = "<group>"; };
		6003F59B195388D20070C39A /* LYZMediaBrowser-Prefix.pch */ = {isa = PBXFileReference; lastKnownFileType = sourcecode.c.h; path = "LYZMediaBrowser-Prefix.pch"; sourceTree = "<group>"; };
		6003F59C195388D20070C39A /* LYZAppDelegate.h */ = {isa = PBXFileReference; lastKnownFileType = sourcecode.c.h; path = LYZAppDelegate.h; sourceTree = "<group>"; };
		6003F59D195388D20070C39A /* LYZAppDelegate.m */ = {isa = PBXFileReference; lastKnownFileType = sourcecode.c.objc; path = LYZAppDelegate.m; sourceTree = "<group>"; };
		6003F5A5195388D20070C39A /* LYZViewController.h */ = {isa = PBXFileReference; lastKnownFileType = sourcecode.c.h; path = LYZViewController.h; sourceTree = "<group>"; };
		6003F5A6195388D20070C39A /* LYZViewController.m */ = {isa = PBXFileReference; lastKnownFileType = sourcecode.c.objc; path = LYZViewController.m; sourceTree = "<group>"; };
		6003F5A8195388D20070C39A /* Images.xcassets */ = {isa = PBXFileReference; lastKnownFileType = folder.assetcatalog; path = Images.xcassets; sourceTree = "<group>"; };
		6003F5AE195388D20070C39A /* LYZMediaBrowser_Tests.xctest */ = {isa = PBXFileReference; explicitFileType = wrapper.cfbundle; includeInIndex = 0; path = LYZMediaBrowser_Tests.xctest; sourceTree = BUILT_PRODUCTS_DIR; };
		6003F5AF195388D20070C39A /* XCTest.framework */ = {isa = PBXFileReference; lastKnownFileType = wrapper.framework; name = XCTest.framework; path = Library/Frameworks/XCTest.framework; sourceTree = DEVELOPER_DIR; };
		6003F5B7195388D20070C39A /* Tests-Info.plist */ = {isa = PBXFileReference; lastKnownFileType = text.plist.xml; path = "Tests-Info.plist"; sourceTree = "<group>"; };
		6003F5B9195388D20070C39A /* en */ = {isa = PBXFileReference; lastKnownFileType = text.plist.strings; name = en; path = en.lproj/InfoPlist.strings; sourceTree = "<group>"; };
		6003F5BB195388D20070C39A /* Tests.m */ = {isa = PBXFileReference; lastKnownFileType = sourcecode.c.objc; path = Tests.m; sourceTree = "<group>"; };
		606FC2411953D9B200FFA9A0 /* Tests-Prefix.pch */ = {isa = PBXFileReference; lastKnownFileType = sourcecode.c.h; path = "Tests-Prefix.pch"; sourceTree = "<group>"; };
		71719F9E1E33DC2100824A3D /* Base */ = {isa = PBXFileReference; lastKnownFileType = file.storyboard; name = Base; path = Base.lproj/LaunchScreen.storyboard; sourceTree = "<group>"; };
		7526F016AD94DC63D8B80E37 /* LICENSE */ = {isa = PBXFileReference; includeInIndex = 1; lastKnownFileType = text; name = LICENSE; path = ../LICENSE; sourceTree = "<group>"; };
		873B8AEA1B1F5CCA007FD442 /* Main.storyboard */ = {isa = PBXFileReference; fileEncoding = 4; lastKnownFileType = file.storyboard; name = Main.storyboard; path = Base.lproj/Main.storyboard; sourceTree = "<group>"; };
		9622571D75F9D1609FE5ACB3 /* Pods-LYZMediaBrowser_Example.release.xcconfig */ = {isa = PBXFileReference; includeInIndex = 1; lastKnownFileType = text.xcconfig; name = "Pods-LYZMediaBrowser_Example.release.xcconfig"; path = "Target Support Files/Pods-LYZMediaBrowser_Example/Pods-LYZMediaBrowser_Example.release.xcconfig"; sourceTree = "<group>"; };
		9EA97B80E32D6B742D031DFD /* Pods-LYZMediaBrowser_Tests.debug.xcconfig */ = {isa = PBXFileReference; includeInIndex = 1; lastKnownFileType = text.xcconfig; name = "Pods-LYZMediaBrowser_Tests.debug.xcconfig"; path = "Target Support Files/Pods-LYZMediaBrowser_Tests/Pods-LYZMediaBrowser_Tests.debug.xcconfig"; sourceTree = "<group>"; };
		B14782B126E9DD3100145519 /* TestDController.h */ = {isa = PBXFileReference; fileEncoding = 4; lastKnownFileType = sourcecode.c.h; path = TestDController.h; sourceTree = "<group>"; };
		B14782B226E9DD3100145519 /* TestDController.m */ = {isa = PBXFileReference; fileEncoding = 4; lastKnownFileType = sourcecode.c.objc; path = TestDController.m; sourceTree = "<group>"; };
		B14782B426E9DD3100145519 /* localBigImage0.jpeg */ = {isa = PBXFileReference; lastKnownFileType = image.jpeg; path = localBigImage0.jpeg; sourceTree = "<group>"; };
		B14782B526E9DD3100145519 /* localVideo0.mp4 */ = {isa = PBXFileReference; lastKnownFileType = file; path = localVideo0.mp4; sourceTree = "<group>"; };
		B14782B626E9DD3100145519 /* localImage1.gif */ = {isa = PBXFileReference; lastKnownFileType = image.gif; path = localImage1.gif; sourceTree = "<group>"; };
		B14782B726E9DD3100145519 /* BaseFileManager.m */ = {isa = PBXFileReference; fileEncoding = 4; lastKnownFileType = sourcecode.c.objc; path = BaseFileManager.m; sourceTree = "<group>"; };
		B14782B826E9DD3100145519 /* localImage0.jpg */ = {isa = PBXFileReference; lastKnownFileType = image.jpeg; path = localImage0.jpg; sourceTree = "<group>"; };
		B14782B926E9DD3100145519 /* ImageURLs.plist */ = {isa = PBXFileReference; fileEncoding = 4; lastKnownFileType = text.plist.xml; path = ImageURLs.plist; sourceTree = "<group>"; };
		B14782BA26E9DD3100145519 /* BaseFileManager.h */ = {isa = PBXFileReference; fileEncoding = 4; lastKnownFileType = sourcecode.c.h; path = BaseFileManager.h; sourceTree = "<group>"; };
		B14782BB26E9DD3100145519 /* localLongImage0.jpeg */ = {isa = PBXFileReference; lastKnownFileType = image.jpeg; path = localLongImage0.jpeg; sourceTree = "<group>"; };
		B14782BD26E9DD3100145519 /* TestEController.m */ = {isa = PBXFileReference; fileEncoding = 4; lastKnownFileType = sourcecode.c.objc; path = TestEController.m; sourceTree = "<group>"; };
		B14782BE26E9DD3100145519 /* TestImageBrowser.m */ = {isa = PBXFileReference; fileEncoding = 4; lastKnownFileType = sourcecode.c.objc; path = TestImageBrowser.m; sourceTree = "<group>"; };
		B14782BF26E9DD3100145519 /* TestEController.h */ = {isa = PBXFileReference; fileEncoding = 4; lastKnownFileType = sourcecode.c.h; path = TestEController.h; sourceTree = "<group>"; };
		B14782C026E9DD3100145519 /* TestImageBrowser.h */ = {isa = PBXFileReference; fileEncoding = 4; lastKnownFileType = sourcecode.c.h; path = TestImageBrowser.h; sourceTree = "<group>"; };
		B14782C226E9DD3100145519 /* TestAController.h */ = {isa = PBXFileReference; fileEncoding = 4; lastKnownFileType = sourcecode.c.h; path = TestAController.h; sourceTree = "<group>"; };
		B14782C326E9DD3100145519 /* TestAController.m */ = {isa = PBXFileReference; fileEncoding = 4; lastKnownFileType = sourcecode.c.objc; path = TestAController.m; sourceTree = "<group>"; };
		B14782C526E9DD3100145519 /* TestCustomCell.h */ = {isa = PBXFileReference; fileEncoding = 4; lastKnownFileType = sourcecode.c.h; path = TestCustomCell.h; sourceTree = "<group>"; };
		B14782C626E9DD3100145519 /* TestCustomData.h */ = {isa = PBXFileReference; fileEncoding = 4; lastKnownFileType = sourcecode.c.h; path = TestCustomData.h; sourceTree = "<group>"; };
		B14782C726E9DD3100145519 /* TestCController.m */ = {isa = PBXFileReference; fileEncoding = 4; lastKnownFileType = sourcecode.c.objc; path = TestCController.m; sourceTree = "<group>"; };
		B14782C826E9DD3100145519 /* TestCustomData.m */ = {isa = PBXFileReference; fileEncoding = 4; lastKnownFileType = sourcecode.c.objc; path = TestCustomData.m; sourceTree = "<group>"; };
		B14782C926E9DD3100145519 /* TestCustomCell.xib */ = {isa = PBXFileReference; fileEncoding = 4; lastKnownFileType = file.xib; path = TestCustomCell.xib; sourceTree = "<group>"; };
		B14782CA26E9DD3100145519 /* TestCustomCell.m */ = {isa = PBXFileReference; fileEncoding = 4; lastKnownFileType = sourcecode.c.objc; path = TestCustomCell.m; sourceTree = "<group>"; };
		B14782CB26E9DD3100145519 /* TestCController.h */ = {isa = PBXFileReference; fileEncoding = 4; lastKnownFileType = sourcecode.c.h; path = TestCController.h; sourceTree = "<group>"; };
		B14782CD26E9DD3100145519 /* TestFController.m */ = {isa = PBXFileReference; fileEncoding = 4; lastKnownFileType = sourcecode.c.objc; path = TestFController.m; sourceTree = "<group>"; };
		B14782CE26E9DD3100145519 /* TestFController.h */ = {isa = PBXFileReference; fileEncoding = 4; lastKnownFileType = sourcecode.c.h; path = TestFController.h; sourceTree = "<group>"; };
		B14782D026E9DD3100145519 /* TestToolViewHandler.h */ = {isa = PBXFileReference; fileEncoding = 4; lastKnownFileType = sourcecode.c.h; path = TestToolViewHandler.h; sourceTree = "<group>"; };
		B14782D126E9DD3100145519 /* TestBController.h */ = {isa = PBXFileReference; fileEncoding = 4; lastKnownFileType = sourcecode.c.h; path = TestBController.h; sourceTree = "<group>"; };
		B14782D226E9DD3100145519 /* TestToolViewHandler.m */ = {isa = PBXFileReference; fileEncoding = 4; lastKnownFileType = sourcecode.c.objc; path = TestToolViewHandler.m; sourceTree = "<group>"; };
		B14782D326E9DD3100145519 /* TestBController.m */ = {isa = PBXFileReference; fileEncoding = 4; lastKnownFileType = sourcecode.c.objc; path = TestBController.m; sourceTree = "<group>"; };
		B14782D526E9DD3100145519 /* BaseListController.m */ = {isa = PBXFileReference; fileEncoding = 4; lastKnownFileType = sourcecode.c.objc; path = BaseListController.m; sourceTree = "<group>"; };
		B14782D626E9DD3100145519 /* BaseListCell.h */ = {isa = PBXFileReference; fileEncoding = 4; lastKnownFileType = sourcecode.c.h; path = BaseListCell.h; sourceTree = "<group>"; };
		B14782D726E9DD3100145519 /* BaseListCell.xib */ = {isa = PBXFileReference; fileEncoding = 4; lastKnownFileType = file.xib; path = BaseListCell.xib; sourceTree = "<group>"; };
		B14782D826E9DD3100145519 /* BaseListCell.m */ = {isa = PBXFileReference; fileEncoding = 4; lastKnownFileType = sourcecode.c.objc; path = BaseListCell.m; sourceTree = "<group>"; };
		B14782D926E9DD3100145519 /* BaseListController.h */ = {isa = PBXFileReference; fileEncoding = 4; lastKnownFileType = sourcecode.c.h; path = BaseListController.h; sourceTree = "<group>"; };
		B14782EF26E9DD3A00145519 /* MainController.m */ = {isa = PBXFileReference; fileEncoding = 4; lastKnownFileType = sourcecode.c.objc; path = MainController.m; sourceTree = "<group>"; };
		B14782F026E9DD3A00145519 /* MainNavigationController.h */ = {isa = PBXFileReference; fileEncoding = 4; lastKnownFileType = sourcecode.c.h; path = MainNavigationController.h; sourceTree = "<group>"; };
		B14782F126E9DD3A00145519 /* MainController.h */ = {isa = PBXFileReference; fileEncoding = 4; lastKnownFileType = sourcecode.c.h; path = MainController.h; sourceTree = "<group>"; };
		B14782F226E9DD3A00145519 /* MainNavigationController.m */ = {isa = PBXFileReference; fileEncoding = 4; lastKnownFileType = sourcecode.c.objc; path = MainNavigationController.m; sourceTree = "<group>"; };
		BF1B4346845B3E0F17DB4486 /* Pods_LYZMediaBrowser_Tests.framework */ = {isa = PBXFileReference; explicitFileType = wrapper.framework; includeInIndex = 0; path = Pods_LYZMediaBrowser_Tests.framework; sourceTree = BUILT_PRODUCTS_DIR; };
		CB0693BBA05421F64984504E /* LYZMediaBrowser.podspec */ = {isa = PBXFileReference; includeInIndex = 1; lastKnownFileType = text; name = LYZMediaBrowser.podspec; path = ../LYZMediaBrowser.podspec; sourceTree = "<group>"; xcLanguageSpecificationIdentifier = xcode.lang.ruby; };
		D3CC0EBB8E3C513DAAD10D45 /* Pods-LYZMediaBrowser_Example.debug.xcconfig */ = {isa = PBXFileReference; includeInIndex = 1; lastKnownFileType = text.xcconfig; name = "Pods-LYZMediaBrowser_Example.debug.xcconfig"; path = "Target Support Files/Pods-LYZMediaBrowser_Example/Pods-LYZMediaBrowser_Example.debug.xcconfig"; sourceTree = "<group>"; };
		D4EECAE4FFFE9384D07FCC0F /* README.md */ = {isa = PBXFileReference; includeInIndex = 1; lastKnownFileType = net.daringfireball.markdown; name = README.md; path = ../README.md; sourceTree = "<group>"; };
/* End PBXFileReference section */

/* Begin PBXFrameworksBuildPhase section */
		6003F587195388D20070C39A /* Frameworks */ = {
			isa = PBXFrameworksBuildPhase;
			buildActionMask = 2147483647;
			files = (
				6003F590195388D20070C39A /* CoreGraphics.framework in Frameworks */,
				6003F592195388D20070C39A /* UIKit.framework in Frameworks */,
				6003F58E195388D20070C39A /* Foundation.framework in Frameworks */,
				0E6B91BF0A300FEA6DB3A367 /* Pods_LYZMediaBrowser_Example.framework in Frameworks */,
			);
			runOnlyForDeploymentPostprocessing = 0;
		};
		6003F5AB195388D20070C39A /* Frameworks */ = {
			isa = PBXFrameworksBuildPhase;
			buildActionMask = 2147483647;
			files = (
				6003F5B0195388D20070C39A /* XCTest.framework in Frameworks */,
				6003F5B2195388D20070C39A /* UIKit.framework in Frameworks */,
				6003F5B1195388D20070C39A /* Foundation.framework in Frameworks */,
				7E9A6E4759A94296F1564F1B /* Pods_LYZMediaBrowser_Tests.framework in Frameworks */,
			);
			runOnlyForDeploymentPostprocessing = 0;
		};
/* End PBXFrameworksBuildPhase section */

/* Begin PBXGroup section */
		6003F581195388D10070C39A = {
			isa = PBXGroup;
			children = (
				60FF7A9C1954A5C5007DD14C /* Podspec Metadata */,
				6003F593195388D20070C39A /* Example for LYZMediaBrowser */,
				6003F5B5195388D20070C39A /* Tests */,
				6003F58C195388D20070C39A /* Frameworks */,
				6003F58B195388D20070C39A /* Products */,
				938A4DC79EBE35C8D907A076 /* Pods */,
			);
			sourceTree = "<group>";
		};
		6003F58B195388D20070C39A /* Products */ = {
			isa = PBXGroup;
			children = (
				6003F58A195388D20070C39A /* LYZMediaBrowser_Example.app */,
				6003F5AE195388D20070C39A /* LYZMediaBrowser_Tests.xctest */,
			);
			name = Products;
			sourceTree = "<group>";
		};
		6003F58C195388D20070C39A /* Frameworks */ = {
			isa = PBXGroup;
			children = (
				6003F58D195388D20070C39A /* Foundation.framework */,
				6003F58F195388D20070C39A /* CoreGraphics.framework */,
				6003F591195388D20070C39A /* UIKit.framework */,
				6003F5AF195388D20070C39A /* XCTest.framework */,
				11DAE934C64E7C9A6351FD76 /* Pods_LYZMediaBrowser_Example.framework */,
				BF1B4346845B3E0F17DB4486 /* Pods_LYZMediaBrowser_Tests.framework */,
			);
			name = Frameworks;
			sourceTree = "<group>";
		};
		6003F593195388D20070C39A /* Example for LYZMediaBrowser */ = {
			isa = PBXGroup;
			children = (
				6003F59C195388D20070C39A /* LYZAppDelegate.h */,
				6003F59D195388D20070C39A /* LYZAppDelegate.m */,
				873B8AEA1B1F5CCA007FD442 /* Main.storyboard */,
				B14782F126E9DD3A00145519 /* MainController.h */,
				B14782EF26E9DD3A00145519 /* MainController.m */,
				B14782F026E9DD3A00145519 /* MainNavigationController.h */,
				B14782F226E9DD3A00145519 /* MainNavigationController.m */,
				6003F5A5195388D20070C39A /* LYZViewController.h */,
				6003F5A6195388D20070C39A /* LYZViewController.m */,
				B14782AF26E9DD3100145519 /* Example */,
				71719F9D1E33DC2100824A3D /* LaunchScreen.storyboard */,
				6003F5A8195388D20070C39A /* Images.xcassets */,
				6003F594195388D20070C39A /* Supporting Files */,
			);
			name = "Example for LYZMediaBrowser";
			path = LYZMediaBrowser;
			sourceTree = "<group>";
		};
		6003F594195388D20070C39A /* Supporting Files */ = {
			isa = PBXGroup;
			children = (
				6003F595195388D20070C39A /* LYZMediaBrowser-Info.plist */,
				6003F596195388D20070C39A /* InfoPlist.strings */,
				6003F599195388D20070C39A /* main.m */,
				6003F59B195388D20070C39A /* LYZMediaBrowser-Prefix.pch */,
			);
			name = "Supporting Files";
			sourceTree = "<group>";
		};
		6003F5B5195388D20070C39A /* Tests */ = {
			isa = PBXGroup;
			children = (
				6003F5BB195388D20070C39A /* Tests.m */,
				6003F5B6195388D20070C39A /* Supporting Files */,
			);
			path = Tests;
			sourceTree = "<group>";
		};
		6003F5B6195388D20070C39A /* Supporting Files */ = {
			isa = PBXGroup;
			children = (
				6003F5B7195388D20070C39A /* Tests-Info.plist */,
				6003F5B8195388D20070C39A /* InfoPlist.strings */,
				606FC2411953D9B200FFA9A0 /* Tests-Prefix.pch */,
			);
			name = "Supporting Files";
			sourceTree = "<group>";
		};
		60FF7A9C1954A5C5007DD14C /* Podspec Metadata */ = {
			isa = PBXGroup;
			children = (
				CB0693BBA05421F64984504E /* LYZMediaBrowser.podspec */,
				D4EECAE4FFFE9384D07FCC0F /* README.md */,
				7526F016AD94DC63D8B80E37 /* LICENSE */,
			);
			name = "Podspec Metadata";
			sourceTree = "<group>";
		};
		938A4DC79EBE35C8D907A076 /* Pods */ = {
			isa = PBXGroup;
			children = (
				D3CC0EBB8E3C513DAAD10D45 /* Pods-LYZMediaBrowser_Example.debug.xcconfig */,
				9622571D75F9D1609FE5ACB3 /* Pods-LYZMediaBrowser_Example.release.xcconfig */,
				9EA97B80E32D6B742D031DFD /* Pods-LYZMediaBrowser_Tests.debug.xcconfig */,
				055B1E2E14CCE0F1A486EFC3 /* Pods-LYZMediaBrowser_Tests.release.xcconfig */,
			);
			path = Pods;
			sourceTree = "<group>";
		};
		B14782AF26E9DD3100145519 /* Example */ = {
			isa = PBXGroup;
			children = (
				B14782B026E9DD3100145519 /* 图片显示预处理（例添加水印） */,
				B14782B326E9DD3100145519 /* File */,
				B14782BC26E9DD3100145519 /* 添加到控制器使用（以相册为例） */,
				B14782C126E9DD3100145519 /* 展示图片+视频 */,
				B14782C426E9DD3100145519 /* 自定义 Cell */,
				B14782CC26E9DD3100145519 /* 用代理配置数据源（以相册为例） */,
				B14782CF26E9DD3100145519 /* 自定义工具视图（例查看原图） */,
				B14782D426E9DD3100145519 /* Base */,
			);
			path = Example;
			sourceTree = "<group>";
		};
		B14782B026E9DD3100145519 /* 图片显示预处理（例添加水印） */ = {
			isa = PBXGroup;
			children = (
				B14782B126E9DD3100145519 /* TestDController.h */,
				B14782B226E9DD3100145519 /* TestDController.m */,
			);
			path = "图片显示预处理（例添加水印）";
			sourceTree = "<group>";
		};
		B14782B326E9DD3100145519 /* File */ = {
			isa = PBXGroup;
			children = (
				B14782B426E9DD3100145519 /* localBigImage0.jpeg */,
				B14782B526E9DD3100145519 /* localVideo0.mp4 */,
				B14782B626E9DD3100145519 /* localImage1.gif */,
				B14782B726E9DD3100145519 /* BaseFileManager.m */,
				B14782B826E9DD3100145519 /* localImage0.jpg */,
				B14782B926E9DD3100145519 /* ImageURLs.plist */,
				B14782BA26E9DD3100145519 /* BaseFileManager.h */,
				B14782BB26E9DD3100145519 /* localLongImage0.jpeg */,
			);
			path = File;
			sourceTree = "<group>";
		};
		B14782BC26E9DD3100145519 /* 添加到控制器使用（以相册为例） */ = {
			isa = PBXGroup;
			children = (
				B14782BD26E9DD3100145519 /* TestEController.m */,
				B14782BE26E9DD3100145519 /* TestImageBrowser.m */,
				B14782BF26E9DD3100145519 /* TestEController.h */,
				B14782C026E9DD3100145519 /* TestImageBrowser.h */,
			);
			path = "添加到控制器使用（以相册为例）";
			sourceTree = "<group>";
		};
		B14782C126E9DD3100145519 /* 展示图片+视频 */ = {
			isa = PBXGroup;
			children = (
				B14782C226E9DD3100145519 /* TestAController.h */,
				B14782C326E9DD3100145519 /* TestAController.m */,
			);
			path = "展示图片+视频";
			sourceTree = "<group>";
		};
		B14782C426E9DD3100145519 /* 自定义 Cell */ = {
			isa = PBXGroup;
			children = (
				B14782C526E9DD3100145519 /* TestCustomCell.h */,
				B14782C626E9DD3100145519 /* TestCustomData.h */,
				B14782C726E9DD3100145519 /* TestCController.m */,
				B14782C826E9DD3100145519 /* TestCustomData.m */,
				B14782C926E9DD3100145519 /* TestCustomCell.xib */,
				B14782CA26E9DD3100145519 /* TestCustomCell.m */,
				B14782CB26E9DD3100145519 /* TestCController.h */,
			);
			path = "自定义 Cell";
			sourceTree = "<group>";
		};
		B14782CC26E9DD3100145519 /* 用代理配置数据源（以相册为例） */ = {
			isa = PBXGroup;
			children = (
				B14782CD26E9DD3100145519 /* TestFController.m */,
				B14782CE26E9DD3100145519 /* TestFController.h */,
			);
			path = "用代理配置数据源（以相册为例）";
			sourceTree = "<group>";
		};
		B14782CF26E9DD3100145519 /* 自定义工具视图（例查看原图） */ = {
			isa = PBXGroup;
			children = (
				B14782D026E9DD3100145519 /* TestToolViewHandler.h */,
				B14782D126E9DD3100145519 /* TestBController.h */,
				B14782D226E9DD3100145519 /* TestToolViewHandler.m */,
				B14782D326E9DD3100145519 /* TestBController.m */,
			);
			path = "自定义工具视图（例查看原图）";
			sourceTree = "<group>";
		};
		B14782D426E9DD3100145519 /* Base */ = {
			isa = PBXGroup;
			children = (
				B14782D526E9DD3100145519 /* BaseListController.m */,
				B14782D626E9DD3100145519 /* BaseListCell.h */,
				B14782D726E9DD3100145519 /* BaseListCell.xib */,
				B14782D826E9DD3100145519 /* BaseListCell.m */,
				B14782D926E9DD3100145519 /* BaseListController.h */,
			);
			path = Base;
			sourceTree = "<group>";
		};
/* End PBXGroup section */

/* Begin PBXNativeTarget section */
		6003F589195388D20070C39A /* LYZMediaBrowser_Example */ = {
			isa = PBXNativeTarget;
			buildConfigurationList = 6003F5BF195388D20070C39A /* Build configuration list for PBXNativeTarget "LYZMediaBrowser_Example" */;
			buildPhases = (
				9DE52A01EC8469F3B644178C /* [CP] Check Pods Manifest.lock */,
				6003F586195388D20070C39A /* Sources */,
				6003F587195388D20070C39A /* Frameworks */,
				6003F588195388D20070C39A /* Resources */,
				937CE0D57268E2BB50D233A6 /* [CP] Embed Pods Frameworks */,
			);
			buildRules = (
			);
			dependencies = (
			);
			name = LYZMediaBrowser_Example;
			productName = LYZMediaBrowser;
			productReference = 6003F58A195388D20070C39A /* LYZMediaBrowser_Example.app */;
			productType = "com.apple.product-type.application";
		};
		6003F5AD195388D20070C39A /* LYZMediaBrowser_Tests */ = {
			isa = PBXNativeTarget;
			buildConfigurationList = 6003F5C2195388D20070C39A /* Build configuration list for PBXNativeTarget "LYZMediaBrowser_Tests" */;
			buildPhases = (
				2A35E09BEC97F9C680BDB8E3 /* [CP] Check Pods Manifest.lock */,
				6003F5AA195388D20070C39A /* Sources */,
				6003F5AB195388D20070C39A /* Frameworks */,
				6003F5AC195388D20070C39A /* Resources */,
			);
			buildRules = (
			);
			dependencies = (
				6003F5B4195388D20070C39A /* PBXTargetDependency */,
			);
			name = LYZMediaBrowser_Tests;
			productName = LYZMediaBrowserTests;
			productReference = 6003F5AE195388D20070C39A /* LYZMediaBrowser_Tests.xctest */;
			productType = "com.apple.product-type.bundle.unit-test";
		};
/* End PBXNativeTarget section */

/* Begin PBXProject section */
		6003F582195388D10070C39A /* Project object */ = {
			isa = PBXProject;
			attributes = {
				CLASSPREFIX = LYZ;
				LastUpgradeCheck = 0720;
				ORGANIZATIONNAME = "648731281@qq.com";
				TargetAttributes = {
					6003F5AD195388D20070C39A = {
						TestTargetID = 6003F589195388D20070C39A;
					};
				};
			};
			buildConfigurationList = 6003F585195388D10070C39A /* Build configuration list for PBXProject "LYZMediaBrowser" */;
			compatibilityVersion = "Xcode 3.2";
			developmentRegion = English;
			hasScannedForEncodings = 0;
			knownRegions = (
				English,
				en,
				Base,
			);
			mainGroup = 6003F581195388D10070C39A;
			productRefGroup = 6003F58B195388D20070C39A /* Products */;
			projectDirPath = "";
			projectRoot = "";
			targets = (
				6003F589195388D20070C39A /* LYZMediaBrowser_Example */,
				6003F5AD195388D20070C39A /* LYZMediaBrowser_Tests */,
			);
		};
/* End PBXProject section */

/* Begin PBXResourcesBuildPhase section */
		6003F588195388D20070C39A /* Resources */ = {
			isa = PBXResourcesBuildPhase;
			buildActionMask = 2147483647;
			files = (
				B14782ED26E9DD3100145519 /* BaseListCell.xib in Resources */,
				B14782DC26E9DD3100145519 /* localVideo0.mp4 in Resources */,
				873B8AEB1B1F5CCA007FD442 /* Main.storyboard in Resources */,
				B14782DD26E9DD3100145519 /* localImage1.gif in Resources */,
				B14782E026E9DD3100145519 /* ImageURLs.plist in Resources */,
				B14782E126E9DD3100145519 /* localLongImage0.jpeg in Resources */,
				71719F9F1E33DC2100824A3D /* LaunchScreen.storyboard in Resources */,
				B14782DF26E9DD3100145519 /* localImage0.jpg in Resources */,
				B14782DB26E9DD3100145519 /* localBigImage0.jpeg in Resources */,
				B14782E726E9DD3100145519 /* TestCustomCell.xib in Resources */,
				6003F5A9195388D20070C39A /* Images.xcassets in Resources */,
				6003F598195388D20070C39A /* InfoPlist.strings in Resources */,
			);
			runOnlyForDeploymentPostprocessing = 0;
		};
		6003F5AC195388D20070C39A /* Resources */ = {
			isa = PBXResourcesBuildPhase;
			buildActionMask = 2147483647;
			files = (
				6003F5BA195388D20070C39A /* InfoPlist.strings in Resources */,
			);
			runOnlyForDeploymentPostprocessing = 0;
		};
/* End PBXResourcesBuildPhase section */

/* Begin PBXShellScriptBuildPhase section */
		2A35E09BEC97F9C680BDB8E3 /* [CP] Check Pods Manifest.lock */ = {
			isa = PBXShellScriptBuildPhase;
			buildActionMask = 2147483647;
			files = (
			);
			inputFileListPaths = (
			);
			inputPaths = (
				"${PODS_PODFILE_DIR_PATH}/Podfile.lock",
				"${PODS_ROOT}/Manifest.lock",
			);
			name = "[CP] Check Pods Manifest.lock";
			outputFileListPaths = (
			);
			outputPaths = (
				"$(DERIVED_FILE_DIR)/Pods-LYZMediaBrowser_Tests-checkManifestLockResult.txt",
			);
			runOnlyForDeploymentPostprocessing = 0;
			shellPath = /bin/sh;
			shellScript = "diff \"${PODS_PODFILE_DIR_PATH}/Podfile.lock\" \"${PODS_ROOT}/Manifest.lock\" > /dev/null\nif [ $? != 0 ] ; then\n    # print error to STDERR\n    echo \"error: The sandbox is not in sync with the Podfile.lock. Run 'pod install' or update your CocoaPods installation.\" >&2\n    exit 1\nfi\n# This output is used by Xcode 'outputs' to avoid re-running this script phase.\necho \"SUCCESS\" > \"${SCRIPT_OUTPUT_FILE_0}\"\n";
			showEnvVarsInLog = 0;
		};
		937CE0D57268E2BB50D233A6 /* [CP] Embed Pods Frameworks */ = {
			isa = PBXShellScriptBuildPhase;
			buildActionMask = 2147483647;
			files = (
			);
			inputPaths = (
				"${PODS_ROOT}/Target Support Files/Pods-LYZMediaBrowser_Example/Pods-LYZMediaBrowser_Example-frameworks.sh",
				"${BUILT_PRODUCTS_DIR}/LYZMediaBrowser/LYZMediaBrowser.framework",
				"${BUILT_PRODUCTS_DIR}/SDWebImage/SDWebImage.framework",
				"${BUILT_PRODUCTS_DIR}/YYImage/YYImage.framework",
			);
			name = "[CP] Embed Pods Frameworks";
			outputPaths = (
				"${TARGET_BUILD_DIR}/${FRAMEWORKS_FOLDER_PATH}/LYZMediaBrowser.framework",
				"${TARGET_BUILD_DIR}/${FRAMEWORKS_FOLDER_PATH}/SDWebImage.framework",
				"${TARGET_BUILD_DIR}/${FRAMEWORKS_FOLDER_PATH}/YYImage.framework",
			);
			runOnlyForDeploymentPostprocessing = 0;
			shellPath = /bin/sh;
			shellScript = "\"${PODS_ROOT}/Target Support Files/Pods-LYZMediaBrowser_Example/Pods-LYZMediaBrowser_Example-frameworks.sh\"\n";
			showEnvVarsInLog = 0;
		};
		9DE52A01EC8469F3B644178C /* [CP] Check Pods Manifest.lock */ = {
			isa = PBXShellScriptBuildPhase;
			buildActionMask = 2147483647;
			files = (
			);
			inputFileListPaths = (
			);
			inputPaths = (
				"${PODS_PODFILE_DIR_PATH}/Podfile.lock",
				"${PODS_ROOT}/Manifest.lock",
			);
			name = "[CP] Check Pods Manifest.lock";
			outputFileListPaths = (
			);
			outputPaths = (
				"$(DERIVED_FILE_DIR)/Pods-LYZMediaBrowser_Example-checkManifestLockResult.txt",
			);
			runOnlyForDeploymentPostprocessing = 0;
			shellPath = /bin/sh;
			shellScript = "diff \"${PODS_PODFILE_DIR_PATH}/Podfile.lock\" \"${PODS_ROOT}/Manifest.lock\" > /dev/null\nif [ $? != 0 ] ; then\n    # print error to STDERR\n    echo \"error: The sandbox is not in sync with the Podfile.lock. Run 'pod install' or update your CocoaPods installation.\" >&2\n    exit 1\nfi\n# This output is used by Xcode 'outputs' to avoid re-running this script phase.\necho \"SUCCESS\" > \"${SCRIPT_OUTPUT_FILE_0}\"\n";
			showEnvVarsInLog = 0;
		};
/* End PBXShellScriptBuildPhase section */

/* Begin PBXSourcesBuildPhase section */
		6003F586195388D20070C39A /* Sources */ = {
			isa = PBXSourcesBuildPhase;
			buildActionMask = 2147483647;
			files = (
				B14782EE26E9DD3100145519 /* BaseListCell.m in Sources */,
				B14782EB26E9DD3100145519 /* TestBController.m in Sources */,
				B14782E526E9DD3100145519 /* TestCController.m in Sources */,
				B14782DA26E9DD3100145519 /* TestDController.m in Sources */,
				B14782E426E9DD3100145519 /* TestAController.m in Sources */,
				6003F59E195388D20070C39A /* LYZAppDelegate.m in Sources */,
				B14782F326E9DD3A00145519 /* MainController.m in Sources */,
				B14782E826E9DD3100145519 /* TestCustomCell.m in Sources */,
				B14782E626E9DD3100145519 /* TestCustomData.m in Sources */,
				B14782EC26E9DD3100145519 /* BaseListController.m in Sources */,
				6003F5A7195388D20070C39A /* LYZViewController.m in Sources */,
				B14782E326E9DD3100145519 /* TestImageBrowser.m in Sources */,
				B14782EA26E9DD3100145519 /* TestToolViewHandler.m in Sources */,
				B14782E226E9DD3100145519 /* TestEController.m in Sources */,
				B14782F426E9DD3A00145519 /* MainNavigationController.m in Sources */,
				B14782DE26E9DD3100145519 /* BaseFileManager.m in Sources */,
				B14782E926E9DD3100145519 /* TestFController.m in Sources */,
				6003F59A195388D20070C39A /* main.m in Sources */,
			);
			runOnlyForDeploymentPostprocessing = 0;
		};
		6003F5AA195388D20070C39A /* Sources */ = {
			isa = PBXSourcesBuildPhase;
			buildActionMask = 2147483647;
			files = (
				6003F5BC195388D20070C39A /* Tests.m in Sources */,
			);
			runOnlyForDeploymentPostprocessing = 0;
		};
/* End PBXSourcesBuildPhase section */

/* Begin PBXTargetDependency section */
		6003F5B4195388D20070C39A /* PBXTargetDependency */ = {
			isa = PBXTargetDependency;
			target = 6003F589195388D20070C39A /* LYZMediaBrowser_Example */;
			targetProxy = 6003F5B3195388D20070C39A /* PBXContainerItemProxy */;
		};
/* End PBXTargetDependency section */

/* Begin PBXVariantGroup section */
		6003F596195388D20070C39A /* InfoPlist.strings */ = {
			isa = PBXVariantGroup;
			children = (
				6003F597195388D20070C39A /* en */,
			);
			name = InfoPlist.strings;
			sourceTree = "<group>";
		};
		6003F5B8195388D20070C39A /* InfoPlist.strings */ = {
			isa = PBXVariantGroup;
			children = (
				6003F5B9195388D20070C39A /* en */,
			);
			name = InfoPlist.strings;
			sourceTree = "<group>";
		};
		71719F9D1E33DC2100824A3D /* LaunchScreen.storyboard */ = {
			isa = PBXVariantGroup;
			children = (
				71719F9E1E33DC2100824A3D /* Base */,
			);
			name = LaunchScreen.storyboard;
			sourceTree = "<group>";
		};
/* End PBXVariantGroup section */

/* Begin XCBuildConfiguration section */
		6003F5BD195388D20070C39A /* Debug */ = {
			isa = XCBuildConfiguration;
			buildSettings = {
				ALWAYS_SEARCH_USER_PATHS = NO;
				CLANG_CXX_LANGUAGE_STANDARD = "gnu++0x";
				CLANG_CXX_LIBRARY = "libc++";
				CLANG_ENABLE_MODULES = YES;
				CLANG_ENABLE_OBJC_ARC = YES;
				CLANG_WARN_BOOL_CONVERSION = YES;
				CLANG_WARN_CONSTANT_CONVERSION = YES;
				CLANG_WARN_DIRECT_OBJC_ISA_USAGE = YES_ERROR;
				CLANG_WARN_EMPTY_BODY = YES;
				CLANG_WARN_ENUM_CONVERSION = YES;
				CLANG_WARN_INT_CONVERSION = YES;
				CLANG_WARN_OBJC_ROOT_CLASS = YES_ERROR;
				CLANG_WARN__DUPLICATE_METHOD_MATCH = YES;
				"CODE_SIGN_IDENTITY[sdk=iphoneos*]" = "iPhone Developer";
				COPY_PHASE_STRIP = NO;
				ENABLE_TESTABILITY = YES;
				GCC_C_LANGUAGE_STANDARD = gnu99;
				GCC_DYNAMIC_NO_PIC = NO;
				GCC_OPTIMIZATION_LEVEL = 0;
				GCC_PREPROCESSOR_DEFINITIONS = (
					"DEBUG=1",
					"$(inherited)",
				);
				GCC_SYMBOLS_PRIVATE_EXTERN = NO;
				GCC_WARN_64_TO_32_BIT_CONVERSION = YES;
				GCC_WARN_ABOUT_RETURN_TYPE = YES_ERROR;
				GCC_WARN_UNDECLARED_SELECTOR = YES;
				GCC_WARN_UNINITIALIZED_AUTOS = YES_AGGRESSIVE;
				GCC_WARN_UNUSED_FUNCTION = YES;
				GCC_WARN_UNUSED_VARIABLE = YES;
				IPHONEOS_DEPLOYMENT_TARGET = 9.3;
				ONLY_ACTIVE_ARCH = YES;
				SDKROOT = iphoneos;
				TARGETED_DEVICE_FAMILY = "1,2";
			};
			name = Debug;
		};
		6003F5BE195388D20070C39A /* Release */ = {
			isa = XCBuildConfiguration;
			buildSettings = {
				ALWAYS_SEARCH_USER_PATHS = NO;
				CLANG_CXX_LANGUAGE_STANDARD = "gnu++0x";
				CLANG_CXX_LIBRARY = "libc++";
				CLANG_ENABLE_MODULES = YES;
				CLANG_ENABLE_OBJC_ARC = YES;
				CLANG_WARN_BOOL_CONVERSION = YES;
				CLANG_WARN_CONSTANT_CONVERSION = YES;
				CLANG_WARN_DIRECT_OBJC_ISA_USAGE = YES_ERROR;
				CLANG_WARN_EMPTY_BODY = YES;
				CLANG_WARN_ENUM_CONVERSION = YES;
				CLANG_WARN_INT_CONVERSION = YES;
				CLANG_WARN_OBJC_ROOT_CLASS = YES_ERROR;
				CLANG_WARN__DUPLICATE_METHOD_MATCH = YES;
				"CODE_SIGN_IDENTITY[sdk=iphoneos*]" = "iPhone Developer";
				COPY_PHASE_STRIP = YES;
				ENABLE_NS_ASSERTIONS = NO;
				GCC_C_LANGUAGE_STANDARD = gnu99;
				GCC_WARN_64_TO_32_BIT_CONVERSION = YES;
				GCC_WARN_ABOUT_RETURN_TYPE = YES_ERROR;
				GCC_WARN_UNDECLARED_SELECTOR = YES;
				GCC_WARN_UNINITIALIZED_AUTOS = YES_AGGRESSIVE;
				GCC_WARN_UNUSED_FUNCTION = YES;
				GCC_WARN_UNUSED_VARIABLE = YES;
				IPHONEOS_DEPLOYMENT_TARGET = 9.3;
				SDKROOT = iphoneos;
				TARGETED_DEVICE_FAMILY = "1,2";
				VALIDATE_PRODUCT = YES;
			};
			name = Release;
		};
		6003F5C0195388D20070C39A /* Debug */ = {
			isa = XCBuildConfiguration;
			baseConfigurationReference = D3CC0EBB8E3C513DAAD10D45 /* Pods-LYZMediaBrowser_Example.debug.xcconfig */;
			buildSettings = {
				ASSETCATALOG_COMPILER_APPICON_NAME = AppIcon;
				GCC_PRECOMPILE_PREFIX_HEADER = YES;
				GCC_PREFIX_HEADER = "LYZMediaBrowser/LYZMediaBrowser-Prefix.pch";
				INFOPLIST_FILE = "LYZMediaBrowser/LYZMediaBrowser-Info.plist";
				MARKETING_VERSION = 1.0.1;
				MODULE_NAME = ExampleApp;
				PRODUCT_BUNDLE_IDENTIFIER = "org.cocoapods.demo.${PRODUCT_NAME:rfc1034identifier}";
				PRODUCT_NAME = "$(TARGET_NAME)";
				SWIFT_VERSION = 4.0;
				WRAPPER_EXTENSION = app;
			};
			name = Debug;
		};
		6003F5C1195388D20070C39A /* Release */ = {
			isa = XCBuildConfiguration;
			baseConfigurationReference = 9622571D75F9D1609FE5ACB3 /* Pods-LYZMediaBrowser_Example.release.xcconfig */;
			buildSettings = {
				ASSETCATALOG_COMPILER_APPICON_NAME = AppIcon;
				GCC_PRECOMPILE_PREFIX_HEADER = YES;
				GCC_PREFIX_HEADER = "LYZMediaBrowser/LYZMediaBrowser-Prefix.pch";
				INFOPLIST_FILE = "LYZMediaBrowser/LYZMediaBrowser-Info.plist";
				MARKETING_VERSION = 1.0.1;
				MODULE_NAME = ExampleApp;
				PRODUCT_BUNDLE_IDENTIFIER = "org.cocoapods.demo.${PRODUCT_NAME:rfc1034identifier}";
				PRODUCT_NAME = "$(TARGET_NAME)";
				SWIFT_VERSION = 4.0;
				WRAPPER_EXTENSION = app;
			};
			name = Release;
		};
		6003F5C3195388D20070C39A /* Debug */ = {
			isa = XCBuildConfiguration;
			baseConfigurationReference = 9EA97B80E32D6B742D031DFD /* Pods-LYZMediaBrowser_Tests.debug.xcconfig */;
			buildSettings = {
				BUNDLE_LOADER = "$(TEST_HOST)";
				FRAMEWORK_SEARCH_PATHS = (
					"$(PLATFORM_DIR)/Developer/Library/Frameworks",
					"$(inherited)",
					"$(DEVELOPER_FRAMEWORKS_DIR)",
				);
				GCC_PRECOMPILE_PREFIX_HEADER = YES;
				GCC_PREFIX_HEADER = "Tests/Tests-Prefix.pch";
				GCC_PREPROCESSOR_DEFINITIONS = (
					"DEBUG=1",
					"$(inherited)",
				);
				INFOPLIST_FILE = "Tests/Tests-Info.plist";
				PRODUCT_BUNDLE_IDENTIFIER = "org.cocoapods.demo.${PRODUCT_NAME:rfc1034identifier}";
				PRODUCT_NAME = "$(TARGET_NAME)";
				SWIFT_VERSION = 4.0;
				TEST_HOST = "$(BUILT_PRODUCTS_DIR)/LYZMediaBrowser_Example.app/LYZMediaBrowser_Example";
				WRAPPER_EXTENSION = xctest;
			};
			name = Debug;
		};
		6003F5C4195388D20070C39A /* Release */ = {
			isa = XCBuildConfiguration;
			baseConfigurationReference = 055B1E2E14CCE0F1A486EFC3 /* Pods-LYZMediaBrowser_Tests.release.xcconfig */;
			buildSettings = {
				BUNDLE_LOADER = "$(TEST_HOST)";
				FRAMEWORK_SEARCH_PATHS = (
					"$(PLATFORM_DIR)/Developer/Library/Frameworks",
					"$(inherited)",
					"$(DEVELOPER_FRAMEWORKS_DIR)",
				);
				GCC_PRECOMPILE_PREFIX_HEADER = YES;
				GCC_PREFIX_HEADER = "Tests/Tests-Prefix.pch";
				INFOPLIST_FILE = "Tests/Tests-Info.plist";
				PRODUCT_BUNDLE_IDENTIFIER = "org.cocoapods.demo.${PRODUCT_NAME:rfc1034identifier}";
				PRODUCT_NAME = "$(TARGET_NAME)";
				SWIFT_VERSION = 4.0;
				TEST_HOST = "$(BUILT_PRODUCTS_DIR)/LYZMediaBrowser_Example.app/LYZMediaBrowser_Example";
				WRAPPER_EXTENSION = xctest;
			};
			name = Release;
		};
/* End XCBuildConfiguration section */

/* Begin XCConfigurationList section */
		6003F585195388D10070C39A /* Build configuration list for PBXProject "LYZMediaBrowser" */ = {
			isa = XCConfigurationList;
			buildConfigurations = (
				6003F5BD195388D20070C39A /* Debug */,
				6003F5BE195388D20070C39A /* Release */,
			);
			defaultConfigurationIsVisible = 0;
			defaultConfigurationName = Release;
		};
		6003F5BF195388D20070C39A /* Build configuration list for PBXNativeTarget "LYZMediaBrowser_Example" */ = {
			isa = XCConfigurationList;
			buildConfigurations = (
				6003F5C0195388D20070C39A /* Debug */,
				6003F5C1195388D20070C39A /* Release */,
			);
			defaultConfigurationIsVisible = 0;
			defaultConfigurationName = Release;
		};
		6003F5C2195388D20070C39A /* Build configuration list for PBXNativeTarget "LYZMediaBrowser_Tests" */ = {
			isa = XCConfigurationList;
			buildConfigurations = (
				6003F5C3195388D20070C39A /* Debug */,
				6003F5C4195388D20070C39A /* Release */,
			);
			defaultConfigurationIsVisible = 0;
			defaultConfigurationName = Release;
		};
/* End XCConfigurationList section */
	};
	rootObject = 6003F582195388D10070C39A /* Project object */;
}
